
Microsoft Visual Studio Solution File, Format Version 12.00
# Visual Studio Version 17
VisualStudioVersion = 17.14.37531.7 d17.14
MinimumVisualStudioVersion = 10.0.40219.1
Project("{FAE04EC0-301F-11D3-BF4B-00C04F79EFBC}") = "homework10", "homework10.csproj", "{33E0CDF0-E495-4FCE-A170-DBD3EDF83DB0}"
EndProject
Global
	GlobalSection(SolutionConfigurationPlatforms) = preSolution
		Debug|Any CPU = Debug|Any CPU
		Release|Any CPU = Release|Any CPU
	EndGlobalSection
	GlobalSection(ProjectConfigurationPlatforms) = postSolution
		{33E0CDF0-E495-4FCE-A170-DBD3EDF83DB0}.Debug|Any CPU.ActiveCfg = Debug|Any CPU
		{33E0CDF0-E495-4FCE-A170-DBD3EDF83DB0}.Debug|Any CPU.Build.0 = Debug|Any CPU
		{33E0CDF0-E495-4FCE-A170-DBD3EDF83DB0}.Release|Any CPU.ActiveCfg = Release|Any CPU
		{33E0CDF0-E495-4FCE-A170-DBD3EDF83DB0}.Release|Any CPU.Build.0 = Release|Any CPU
	EndGlobalSection
	GlobalSection(SolutionProperties) = preSolution
		HideSolutionNode = FALSE
	EndGlobalSection
	GlobalSection(ExtensibilityGlobals) = postSolution
		SolutionGuid = {85BE51C2-BC8F-4A34-BFC8-4E72E4E9A9F8}
	EndGlobalSection
EndGlobal
