
Microsoft Visual Studio Solution File, Format Version 12.00
# Visual Studio Version 17
VisualStudioVersion = 17.14.37531.7 d17.14
MinimumVisualStudioVersion = 10.0.40219.1
Project("{FAE04EC0-301F-11D3-BF4B-00C04F79EFBC}") = "day03", "day03\day03.csproj", "{0BBDCD54-6D50-4EB8-989E-097942328379}"
EndProject
Global
	GlobalSection(SolutionConfigurationPlatforms) = preSolution
		Debug|Any CPU = Debug|Any CPU
		Release|Any CPU = Release|Any CPU
	EndGlobalSection
	GlobalSection(ProjectConfigurationPlatforms) = postSolution
		{0BBDCD54-6D50-4EB8-989E-097942328379}.Debug|Any CPU.ActiveCfg = Debug|Any CPU
		{0BBDCD54-6D50-4EB8-989E-097942328379}.Debug|Any CPU.Build.0 = Debug|Any CPU
		{0BBDCD54-6D50-4EB8-989E-097942328379}.Release|Any CPU.ActiveCfg = Release|Any CPU
		{0BBDCD54-6D50-4EB8-989E-097942328379}.Release|Any CPU.Build.0 = Release|Any CPU
	EndGlobalSection
	GlobalSection(SolutionProperties) = preSolution
		HideSolutionNode = FALSE
	EndGlobalSection
	GlobalSection(ExtensibilityGlobals) = postSolution
		SolutionGuid = {D4CA3520-B6AA-43FD-9CF9-2BDE5C46DB61}
	EndGlobalSection
EndGlobal
