
Microsoft Visual Studio Solution File, Format Version 12.00
# Visual Studio Version 17
VisualStudioVersion = 17.14.37531.7 d17.14
MinimumVisualStudioVersion = 10.0.40219.1
Project("{FAE04EC0-301F-11D3-BF4B-00C04F79EFBC}") = "homeworkWF01", "homeworkWF01\homeworkWF01.csproj", "{EA657E86-B466-4968-B7B4-00FFE4EEEAD7}"
EndProject
Global
	GlobalSection(SolutionConfigurationPlatforms) = preSolution
		Debug|Any CPU = Debug|Any CPU
		Release|Any CPU = Release|Any CPU
	EndGlobalSection
	GlobalSection(ProjectConfigurationPlatforms) = postSolution
		{EA657E86-B466-4968-B7B4-00FFE4EEEAD7}.Debug|Any CPU.ActiveCfg = Debug|Any CPU
		{EA657E86-B466-4968-B7B4-00FFE4EEEAD7}.Debug|Any CPU.Build.0 = Debug|Any CPU
		{EA657E86-B466-4968-B7B4-00FFE4EEEAD7}.Release|Any CPU.ActiveCfg = Release|Any CPU
		{EA657E86-B466-4968-B7B4-00FFE4EEEAD7}.Release|Any CPU.Build.0 = Release|Any CPU
	EndGlobalSection
	GlobalSection(SolutionProperties) = preSolution
		HideSolutionNode = FALSE
	EndGlobalSection
	GlobalSection(ExtensibilityGlobals) = postSolution
		SolutionGuid = {443C2DC4-BA6C-4C3B-9737-0D7CBD785EAE}
	EndGlobalSection
EndGlobal
