
Microsoft Visual Studio Solution File, Format Version 12.00
# Visual Studio Version 17
VisualStudioVersion = 17.14.37502.11 d17.14
MinimumVisualStudioVersion = 10.0.40219.1
Project("{FAE04EC0-301F-11D3-BF4B-00C04F79EFBC}") = "homework04", "homework04.csproj", "{8F7BC8C9-E2B7-403D-A48C-1AFE0D701027}"
EndProject
Global
	GlobalSection(SolutionConfigurationPlatforms) = preSolution
		Debug|Any CPU = Debug|Any CPU
		Release|Any CPU = Release|Any CPU
	EndGlobalSection
	GlobalSection(ProjectConfigurationPlatforms) = postSolution
		{8F7BC8C9-E2B7-403D-A48C-1AFE0D701027}.Debug|Any CPU.ActiveCfg = Debug|Any CPU
		{8F7BC8C9-E2B7-403D-A48C-1AFE0D701027}.Debug|Any CPU.Build.0 = Debug|Any CPU
		{8F7BC8C9-E2B7-403D-A48C-1AFE0D701027}.Release|Any CPU.ActiveCfg = Release|Any CPU
		{8F7BC8C9-E2B7-403D-A48C-1AFE0D701027}.Release|Any CPU.Build.0 = Release|Any CPU
	EndGlobalSection
	GlobalSection(SolutionProperties) = preSolution
		HideSolutionNode = FALSE
	EndGlobalSection
	GlobalSection(ExtensibilityGlobals) = postSolution
		SolutionGuid = {27D4433B-1E66-457B-AAD0-DECC246C09A4}
	EndGlobalSection
EndGlobal
